
Microsoft Visual Studio Solution File, Format Version 12.00
# Visual Studio Version 17
VisualStudioVersion = 17.0.31903.59
MinimumVisualStudioVersion = 10.0.40219.1
Project("{FAE04EC0-301F-11D3-BF4B-00C04F79EFBC}") = "EEWTelop.Domain", "src\EEWTelop.Domain\EEWTelop.Domain.csproj", "{42D66A83-548D-4C8D-A4C8-75A2105E2AE5}"
EndProject
Project("{FAE04EC0-301F-11D3-BF4B-00C04F79EFBC}") = "EEWTelop.Application", "src\EEWTelop.Application\EEWTelop.Application.csproj", "{8C024337-9CE4-482A-9D1D-ACB62D9B0808}"
EndProject
Project("{FAE04EC0-301F-11D3-BF4B-00C04F79EFBC}") = "EEWTelop.Infrastructure.P2P", "src\EEWTelop.Infrastructure.P2P\EEWTelop.Infrastructure.P2P.csproj", "{355510F1-3292-48FA-B8BF-AC0A0F09C2CA}"
EndProject
Project("{FAE04EC0-301F-11D3-BF4B-00C04F79EFBC}") = "EEWTelop.Infrastructure.Dmdata", "src\EEWTelop.Infrastructure.Dmdata\EEWTelop.Infrastructure.Dmdata.csproj", "{5D095E1A-B75C-4A87-8D02-51A5ED8379DD}"
EndProject
Project("{FAE04EC0-301F-11D3-BF4B-00C04F79EFBC}") = "EEWTelop.Infrastructure.Axis", "src\EEWTelop.Infrastructure.Axis\EEWTelop.Infrastructure.Axis.csproj", "{A9E1E8B1-5F2B-44DB-9ACD-57BCA99D144A}"
EndProject
Project("{FAE04EC0-301F-11D3-BF4B-00C04F79EFBC}") = "EEWTelop.Infrastructure", "src\EEWTelop.Infrastructure\EEWTelop.Infrastructure.csproj", "{BF4806BF-FB60-4890-BE90-768167D3BB49}"
EndProject
Project("{FAE04EC0-301F-11D3-BF4B-00C04F79EFBC}") = "EEWTelop.Wpf", "src\EEWTelop.Wpf\EEWTelop.Wpf.csproj", "{3E2C806E-3D8F-4D4B-B4F7-48BCA52B2BD1}"
EndProject
Project("{FAE04EC0-301F-11D3-BF4B-00C04F79EFBC}") = "EEWTelop.Domain.Tests", "tests\EEWTelop.Domain.Tests\EEWTelop.Domain.Tests.csproj", "{E34FF8C2-86C8-405F-82DC-9B098B41D07C}"
EndProject
Project("{FAE04EC0-301F-11D3-BF4B-00C04F79EFBC}") = "EEWTelop.Application.Tests", "tests\EEWTelop.Application.Tests\EEWTelop.Application.Tests.csproj", "{B5F74364-3AC0-4386-B3E3-A9E69EE24543}"
EndProject
Project("{FAE04EC0-301F-11D3-BF4B-00C04F79EFBC}") = "EEWTelop.Infrastructure.P2P.Tests", "tests\EEWTelop.Infrastructure.P2P.Tests\EEWTelop.Infrastructure.P2P.Tests.csproj", "{53BE80B4-DCB0-432C-BC0F-A051B7594BDA}"
EndProject
Project("{FAE04EC0-301F-11D3-BF4B-00C04F79EFBC}") = "EEWTelop.Infrastructure.Dmdata.Tests", "tests\EEWTelop.Infrastructure.Dmdata.Tests\EEWTelop.Infrastructure.Dmdata.Tests.csproj", "{4DB81696-04EA-41B2-8E6C-6ED12D0A88EA}"
EndProject
Project("{FAE04EC0-301F-11D3-BF4B-00C04F79EFBC}") = "EEWTelop.Infrastructure.Axis.Tests", "tests\EEWTelop.Infrastructure.Axis.Tests\EEWTelop.Infrastructure.Axis.Tests.csproj", "{E41CBFBB-C145-4B95-983A-CBF0CBCC6B04}"
EndProject
Project("{FAE04EC0-301F-11D3-BF4B-00C04F79EFBC}") = "EEWTelop.Wpf.Tests", "tests\EEWTelop.Wpf.Tests\EEWTelop.Wpf.Tests.csproj", "{346C0C95-DF75-46E4-A2B0-AEA6366E2FB5}"
EndProject
Project("{2150E333-8FDC-42A3-9474-1A3956D46DE8}") = "src", "src", "{C60A2C0D-1371-426C-BE11-E5926AF7D89D}"
EndProject
Project("{FAE04EC0-301F-11D3-BF4B-00C04F79EFBC}") = "EEWTelop.Infrastructure.Wolfx", "src\EEWTelop.Infrastructure.Wolfx\EEWTelop.Infrastructure.Wolfx.csproj", "{9A427B5D-6CF1-4596-8A14-2DD7D1F58D30}"
EndProject
Project("{2150E333-8FDC-42A3-9474-1A3956D46DE8}") = "tests", "tests", "{D9D3D265-B5FE-49DD-85BC-FBBD2A54FD3F}"
EndProject
Project("{FAE04EC0-301F-11D3-BF4B-00C04F79EFBC}") = "EEWTelop.Infrastructure.Wolfx.Tests", "tests\EEWTelop.Infrastructure.Wolfx.Tests\EEWTelop.Infrastructure.Wolfx.Tests.csproj", "{E9FDDDE5-0EA5-4E37-ACCD-4D8096D15692}"
EndProject
Global
	GlobalSection(SolutionConfigurationPlatforms) = preSolution
		Debug|Any CPU = Debug|Any CPU
		Debug|x64 = Debug|x64
		Debug|x86 = Debug|x86
		Release|Any CPU = Release|Any CPU
		Release|x64 = Release|x64
		Release|x86 = Release|x86
	EndGlobalSection
	GlobalSection(ProjectConfigurationPlatforms) = postSolution
		{42D66A83-548D-4C8D-A4C8-75A2105E2AE5}.Debug|Any CPU.ActiveCfg = Debug|Any CPU
		{42D66A83-548D-4C8D-A4C8-75A2105E2AE5}.Debug|Any CPU.Build.0 = Debug|Any CPU
		{42D66A83-548D-4C8D-A4C8-75A2105E2AE5}.Debug|x64.ActiveCfg = Debug|Any CPU
		{42D66A83-548D-4C8D-A4C8-75A2105E2AE5}.Debug|x64.Build.0 = Debug|Any CPU
		{42D66A83-548D-4C8D-A4C8-75A2105E2AE5}.Debug|x86.ActiveCfg = Debug|Any CPU
		{42D66A83-548D-4C8D-A4C8-75A2105E2AE5}.Debug|x86.Build.0 = Debug|Any CPU
		{42D66A83-548D-4C8D-A4C8-75A2105E2AE5}.Release|Any CPU.ActiveCfg = Release|Any CPU
		{42D66A83-548D-4C8D-A4C8-75A2105E2AE5}.Release|Any CPU.Build.0 = Release|Any CPU
		{42D66A83-548D-4C8D-A4C8-75A2105E2AE5}.Release|x64.ActiveCfg = Release|Any CPU
		{42D66A83-548D-4C8D-A4C8-75A2105E2AE5}.Release|x64.Build.0 = Release|Any CPU
		{42D66A83-548D-4C8D-A4C8-75A2105E2AE5}.Release|x86.ActiveCfg = Release|Any CPU
		{42D66A83-548D-4C8D-A4C8-75A2105E2AE5}.Release|x86.Build.0 = Release|Any CPU
		{8C024337-9CE4-482A-9D1D-ACB62D9B0808}.Debug|Any CPU.ActiveCfg = Debug|Any CPU
		{8C024337-9CE4-482A-9D1D-ACB62D9B0808}.Debug|Any CPU.Build.0 = Debug|Any CPU
		{8C024337-9CE4-482A-9D1D-ACB62D9B0808}.Debug|x64.ActiveCfg = Debug|Any CPU
		{8C024337-9CE4-482A-9D1D-ACB62D9B0808}.Debug|x64.Build.0 = Debug|Any CPU
		{8C024337-9CE4-482A-9D1D-ACB62D9B0808}.Debug|x86.ActiveCfg = Debug|Any CPU
		{8C024337-9CE4-482A-9D1D-ACB62D9B0808}.Debug|x86.Build.0 = Debug|Any CPU
		{8C024337-9CE4-482A-9D1D-ACB62D9B0808}.Release|Any CPU.ActiveCfg = Release|Any CPU
		{8C024337-9CE4-482A-9D1D-ACB62D9B0808}.Release|Any CPU.Build.0 = Release|Any CPU
		{8C024337-9CE4-482A-9D1D-ACB62D9B0808}.Release|x64.ActiveCfg = Release|Any CPU
		{8C024337-9CE4-482A-9D1D-ACB62D9B0808}.Release|x64.Build.0 = Release|Any CPU
		{8C024337-9CE4-482A-9D1D-ACB62D9B0808}.Release|x86.ActiveCfg = Release|Any CPU
		{8C024337-9CE4-482A-9D1D-ACB62D9B0808}.Release|x86.Build.0 = Release|Any CPU
		{355510F1-3292-48FA-B8BF-AC0A0F09C2CA}.Debug|Any CPU.ActiveCfg = Debug|Any CPU
		{355510F1-3292-48FA-B8BF-AC0A0F09C2CA}.Debug|Any CPU.Build.0 = Debug|Any CPU
		{355510F1-3292-48FA-B8BF-AC0A0F09C2CA}.Debug|x64.ActiveCfg = Debug|Any CPU
		{355510F1-3292-48FA-B8BF-AC0A0F09C2CA}.Debug|x64.Build.0 = Debug|Any CPU
		{355510F1-3292-48FA-B8BF-AC0A0F09C2CA}.Debug|x86.ActiveCfg = Debug|Any CPU
		{355510F1-3292-48FA-B8BF-AC0A0F09C2CA}.Debug|x86.Build.0 = Debug|Any CPU
		{355510F1-3292-48FA-B8BF-AC0A0F09C2CA}.Release|Any CPU.ActiveCfg = Release|Any CPU
		{355510F1-3292-48FA-B8BF-AC0A0F09C2CA}.Release|Any CPU.Build.0 = Release|Any CPU
		{355510F1-3292-48FA-B8BF-AC0A0F09C2CA}.Release|x64.ActiveCfg = Release|Any CPU
		{355510F1-3292-48FA-B8BF-AC0A0F09C2CA}.Release|x64.Build.0 = Release|Any CPU
		{355510F1-3292-48FA-B8BF-AC0A0F09C2CA}.Release|x86.ActiveCfg = Release|Any CPU
		{355510F1-3292-48FA-B8BF-AC0A0F09C2CA}.Release|x86.Build.0 = Release|Any CPU
		{5D095E1A-B75C-4A87-8D02-51A5ED8379DD}.Debug|Any CPU.ActiveCfg = Debug|Any CPU
		{5D095E1A-B75C-4A87-8D02-51A5ED8379DD}.Debug|Any CPU.Build.0 = Debug|Any CPU
		{5D095E1A-B75C-4A87-8D02-51A5ED8379DD}.Debug|x64.ActiveCfg = Debug|Any CPU
		{5D095E1A-B75C-4A87-8D02-51A5ED8379DD}.Debug|x64.Build.0 = Debug|Any CPU
		{5D095E1A-B75C-4A87-8D02-51A5ED8379DD}.Debug|x86.ActiveCfg = Debug|Any CPU
		{5D095E1A-B75C-4A87-8D02-51A5ED8379DD}.Debug|x86.Build.0 = Debug|Any CPU
		{5D095E1A-B75C-4A87-8D02-51A5ED8379DD}.Release|Any CPU.ActiveCfg = Release|Any CPU
		{5D095E1A-B75C-4A87-8D02-51A5ED8379DD}.Release|Any CPU.Build.0 = Release|Any CPU
		{5D095E1A-B75C-4A87-8D02-51A5ED8379DD}.Release|x64.ActiveCfg = Release|Any CPU
		{5D095E1A-B75C-4A87-8D02-51A5ED8379DD}.Release|x64.Build.0 = Release|Any CPU
		{5D095E1A-B75C-4A87-8D02-51A5ED8379DD}.Release|x86.ActiveCfg = Release|Any CPU
		{5D095E1A-B75C-4A87-8D02-51A5ED8379DD}.Release|x86.Build.0 = Release|Any CPU
		{A9E1E8B1-5F2B-44DB-9ACD-57BCA99D144A}.Debug|Any CPU.ActiveCfg = Debug|Any CPU
		{A9E1E8B1-5F2B-44DB-9ACD-57BCA99D144A}.Debug|Any CPU.Build.0 = Debug|Any CPU
		{A9E1E8B1-5F2B-44DB-9ACD-57BCA99D144A}.Debug|x64.ActiveCfg = Debug|Any CPU
		{A9E1E8B1-5F2B-44DB-9ACD-57BCA99D144A}.Debug|x64.Build.0 = Debug|Any CPU
		{A9E1E8B1-5F2B-44DB-9ACD-57BCA99D144A}.Debug|x86.ActiveCfg = Debug|Any CPU
		{A9E1E8B1-5F2B-44DB-9ACD-57BCA99D144A}.Debug|x86.Build.0 = Debug|Any CPU
		{A9E1E8B1-5F2B-44DB-9ACD-57BCA99D144A}.Release|Any CPU.ActiveCfg = Release|Any CPU
		{A9E1E8B1-5F2B-44DB-9ACD-57BCA99D144A}.Release|Any CPU.Build.0 = Release|Any CPU
		{A9E1E8B1-5F2B-44DB-9ACD-57BCA99D144A}.Release|x64.ActiveCfg = Release|Any CPU
		{A9E1E8B1-5F2B-44DB-9ACD-57BCA99D144A}.Release|x64.Build.0 = Release|Any CPU
		{A9E1E8B1-5F2B-44DB-9ACD-57BCA99D144A}.Release|x86.ActiveCfg = Release|Any CPU
		{A9E1E8B1-5F2B-44DB-9ACD-57BCA99D144A}.Release|x86.Build.0 = Release|Any CPU
		{BF4806BF-FB60-4890-BE90-768167D3BB49}.Debug|Any CPU.ActiveCfg = Debug|Any CPU
		{BF4806BF-FB60-4890-BE90-768167D3BB49}.Debug|Any CPU.Build.0 = Debug|Any CPU
		{BF4806BF-FB60-4890-BE90-768167D3BB49}.Debug|x64.ActiveCfg = Debug|Any CPU
		{BF4806BF-FB60-4890-BE90-768167D3BB49}.Debug|x64.Build.0 = Debug|Any CPU
		{BF4806BF-FB60-4890-BE90-768167D3BB49}.Debug|x86.ActiveCfg = Debug|Any CPU
		{BF4806BF-FB60-4890-BE90-768167D3BB49}.Debug|x86.Build.0 = Debug|Any CPU
		{BF4806BF-FB60-4890-BE90-768167D3BB49}.Release|Any CPU.ActiveCfg = Release|Any CPU
		{BF4806BF-FB60-4890-BE90-768167D3BB49}.Release|Any CPU.Build.0 = Release|Any CPU
		{BF4806BF-FB60-4890-BE90-768167D3BB49}.Release|x64.ActiveCfg = Release|Any CPU
		{BF4806BF-FB60-4890-BE90-768167D3BB49}.Release|x64.Build.0 = Release|Any CPU
		{BF4806BF-FB60-4890-BE90-768167D3BB49}.Release|x86.ActiveCfg = Release|Any CPU
		{BF4806BF-FB60-4890-BE90-768167D3BB49}.Release|x86.Build.0 = Release|Any CPU
		{3E2C806E-3D8F-4D4B-B4F7-48BCA52B2BD1}.Debug|Any CPU.ActiveCfg = Debug|Any CPU
		{3E2C806E-3D8F-4D4B-B4F7-48BCA52B2BD1}.Debug|Any CPU.Build.0 = Debug|Any CPU
		{3E2C806E-3D8F-4D4B-B4F7-48BCA52B2BD1}.Debug|x64.ActiveCfg = Debug|Any CPU
		{3E2C806E-3D8F-4D4B-B4F7-48BCA52B2BD1}.Debug|x64.Build.0 = Debug|Any CPU
		{3E2C806E-3D8F-4D4B-B4F7-48BCA52B2BD1}.Debug|x86.ActiveCfg = Debug|Any CPU
		{3E2C806E-3D8F-4D4B-B4F7-48BCA52B2BD1}.Debug|x86.Build.0 = Debug|Any CPU
		{3E2C806E-3D8F-4D4B-B4F7-48BCA52B2BD1}.Release|Any CPU.ActiveCfg = Release|Any CPU
		{3E2C806E-3D8F-4D4B-B4F7-48BCA52B2BD1}.Release|Any CPU.Build.0 = Release|Any CPU
		{3E2C806E-3D8F-4D4B-B4F7-48BCA52B2BD1}.Release|x64.ActiveCfg = Release|Any CPU
		{3E2C806E-3D8F-4D4B-B4F7-48BCA52B2BD1}.Release|x64.Build.0 = Release|Any CPU
		{3E2C806E-3D8F-4D4B-B4F7-48BCA52B2BD1}.Release|x86.ActiveCfg = Release|Any CPU
		{3E2C806E-3D8F-4D4B-B4F7-48BCA52B2BD1}.Release|x86.Build.0 = Release|Any CPU
		{E34FF8C2-86C8-405F-82DC-9B098B41D07C}.Debug|Any CPU.ActiveCfg = Debug|Any CPU
		{E34FF8C2-86C8-405F-82DC-9B098B41D07C}.Debug|Any CPU.Build.0 = Debug|Any CPU
		{E34FF8C2-86C8-405F-82DC-9B098B41D07C}.Debug|x64.ActiveCfg = Debug|Any CPU
		{E34FF8C2-86C8-405F-82DC-9B098B41D07C}.Debug|x64.Build.0 = Debug|Any CPU
		{E34FF8C2-86C8-405F-82DC-9B098B41D07C}.Debug|x86.ActiveCfg = Debug|Any CPU
		{E34FF8C2-86C8-405F-82DC-9B098B41D07C}.Debug|x86.Build.0 = Debug|Any CPU
		{E34FF8C2-86C8-405F-82DC-9B098B41D07C}.Release|Any CPU.ActiveCfg = Release|Any CPU
		{E34FF8C2-86C8-405F-82DC-9B098B41D07C}.Release|Any CPU.Build.0 = Release|Any CPU
		{E34FF8C2-86C8-405F-82DC-9B098B41D07C}.Release|x64.ActiveCfg = Release|Any CPU
		{E34FF8C2-86C8-405F-82DC-9B098B41D07C}.Release|x64.Build.0 = Release|Any CPU
		{E34FF8C2-86C8-405F-82DC-9B098B41D07C}.Release|x86.ActiveCfg = Release|Any CPU
		{E34FF8C2-86C8-405F-82DC-9B098B41D07C}.Release|x86.Build.0 = Release|Any CPU
		{B5F74364-3AC0-4386-B3E3-A9E69EE24543}.Debug|Any CPU.ActiveCfg = Debug|Any CPU
		{B5F74364-3AC0-4386-B3E3-A9E69EE24543}.Debug|Any CPU.Build.0 = Debug|Any CPU
		{B5F74364-3AC0-4386-B3E3-A9E69EE24543}.Debug|x64.ActiveCfg = Debug|Any CPU
		{B5F74364-3AC0-4386-B3E3-A9E69EE24543}.Debug|x64.Build.0 = Debug|Any CPU
		{B5F74364-3AC0-4386-B3E3-A9E69EE24543}.Debug|x86.ActiveCfg = Debug|Any CPU
		{B5F74364-3AC0-4386-B3E3-A9E69EE24543}.Debug|x86.Build.0 = Debug|Any CPU
		{B5F74364-3AC0-4386-B3E3-A9E69EE24543}.Release|Any CPU.ActiveCfg = Release|Any CPU
		{B5F74364-3AC0-4386-B3E3-A9E69EE24543}.Release|Any CPU.Build.0 = Release|Any CPU
		{B5F74364-3AC0-4386-B3E3-A9E69EE24543}.Release|x64.ActiveCfg = Release|Any CPU
		{B5F74364-3AC0-4386-B3E3-A9E69EE24543}.Release|x64.Build.0 = Release|Any CPU
		{B5F74364-3AC0-4386-B3E3-A9E69EE24543}.Release|x86.ActiveCfg = Release|Any CPU
		{B5F74364-3AC0-4386-B3E3-A9E69EE24543}.Release|x86.Build.0 = Release|Any CPU
		{53BE80B4-DCB0-432C-BC0F-A051B7594BDA}.Debug|Any CPU.ActiveCfg = Debug|Any CPU
		{53BE80B4-DCB0-432C-BC0F-A051B7594BDA}.Debug|Any CPU.Build.0 = Debug|Any CPU
		{53BE80B4-DCB0-432C-BC0F-A051B7594BDA}.Debug|x64.ActiveCfg = Debug|Any CPU
		{53BE80B4-DCB0-432C-BC0F-A051B7594BDA}.Debug|x64.Build.0 = Debug|Any CPU
		{53BE80B4-DCB0-432C-BC0F-A051B7594BDA}.Debug|x86.ActiveCfg = Debug|Any CPU
		{53BE80B4-DCB0-432C-BC0F-A051B7594BDA}.Debug|x86.Build.0 = Debug|Any CPU
		{53BE80B4-DCB0-432C-BC0F-A051B7594BDA}.Release|Any CPU.ActiveCfg = Release|Any CPU
		{53BE80B4-DCB0-432C-BC0F-A051B7594BDA}.Release|Any CPU.Build.0 = Release|Any CPU
		{53BE80B4-DCB0-432C-BC0F-A051B7594BDA}.Release|x64.ActiveCfg = Release|Any CPU
		{53BE80B4-DCB0-432C-BC0F-A051B7594BDA}.Release|x64.Build.0 = Release|Any CPU
		{53BE80B4-DCB0-432C-BC0F-A051B7594BDA}.Release|x86.ActiveCfg = Release|Any CPU
		{53BE80B4-DCB0-432C-BC0F-A051B7594BDA}.Release|x86.Build.0 = Release|Any CPU
		{4DB81696-04EA-41B2-8E6C-6ED12D0A88EA}.Debug|Any CPU.ActiveCfg = Debug|Any CPU
		{4DB81696-04EA-41B2-8E6C-6ED12D0A88EA}.Debug|Any CPU.Build.0 = Debug|Any CPU
		{4DB81696-04EA-41B2-8E6C-6ED12D0A88EA}.Debug|x64.ActiveCfg = Debug|Any CPU
		{4DB81696-04EA-41B2-8E6C-6ED12D0A88EA}.Debug|x64.Build.0 = Debug|Any CPU
		{4DB81696-04EA-41B2-8E6C-6ED12D0A88EA}.Debug|x86.ActiveCfg = Debug|Any CPU
		{4DB81696-04EA-41B2-8E6C-6ED12D0A88EA}.Debug|x86.Build.0 = Debug|Any CPU
		{4DB81696-04EA-41B2-8E6C-6ED12D0A88EA}.Release|Any CPU.ActiveCfg = Release|Any CPU
		{4DB81696-04EA-41B2-8E6C-6ED12D0A88EA}.Release|Any CPU.Build.0 = Release|Any CPU
		{4DB81696-04EA-41B2-8E6C-6ED12D0A88EA}.Release|x64.ActiveCfg = Release|Any CPU
		{4DB81696-04EA-41B2-8E6C-6ED12D0A88EA}.Release|x64.Build.0 = Release|Any CPU
		{4DB81696-04EA-41B2-8E6C-6ED12D0A88EA}.Release|x86.ActiveCfg = Release|Any CPU
		{4DB81696-04EA-41B2-8E6C-6ED12D0A88EA}.Release|x86.Build.0 = Release|Any CPU
		{E41CBFBB-C145-4B95-983A-CBF0CBCC6B04}.Debug|Any CPU.ActiveCfg = Debug|Any CPU
		{E41CBFBB-C145-4B95-983A-CBF0CBCC6B04}.Debug|Any CPU.Build.0 = Debug|Any CPU
		{E41CBFBB-C145-4B95-983A-CBF0CBCC6B04}.Debug|x64.ActiveCfg = Debug|Any CPU
		{E41CBFBB-C145-4B95-983A-CBF0CBCC6B04}.Debug|x64.Build.0 = Debug|Any CPU
		{E41CBFBB-C145-4B95-983A-CBF0CBCC6B04}.Debug|x86.ActiveCfg = Debug|Any CPU
		{E41CBFBB-C145-4B95-983A-CBF0CBCC6B04}.Debug|x86.Build.0 = Debug|Any CPU
		{E41CBFBB-C145-4B95-983A-CBF0CBCC6B04}.Release|Any CPU.ActiveCfg = Release|Any CPU
		{E41CBFBB-C145-4B95-983A-CBF0CBCC6B04}.Release|Any CPU.Build.0 = Release|Any CPU
		{E41CBFBB-C145-4B95-983A-CBF0CBCC6B04}.Release|x64.ActiveCfg = Release|Any CPU
		{E41CBFBB-C145-4B95-983A-CBF0CBCC6B04}.Release|x64.Build.0 = Release|Any CPU
		{E41CBFBB-C145-4B95-983A-CBF0CBCC6B04}.Release|x86.ActiveCfg = Release|Any CPU
		{E41CBFBB-C145-4B95-983A-CBF0CBCC6B04}.Release|x86.Build.0 = Release|Any CPU
		{346C0C95-DF75-46E4-A2B0-AEA6366E2FB5}.Debug|Any CPU.ActiveCfg = Debug|Any CPU
		{346C0C95-DF75-46E4-A2B0-AEA6366E2FB5}.Debug|Any CPU.Build.0 = Debug|Any CPU
		{346C0C95-DF75-46E4-A2B0-AEA6366E2FB5}.Debug|x64.ActiveCfg = Debug|Any CPU
		{346C0C95-DF75-46E4-A2B0-AEA6366E2FB5}.Debug|x64.Build.0 = Debug|Any CPU
		{346C0C95-DF75-46E4-A2B0-AEA6366E2FB5}.Debug|x86.ActiveCfg = Debug|Any CPU
		{346C0C95-DF75-46E4-A2B0-AEA6366E2FB5}.Debug|x86.Build.0 = Debug|Any CPU
		{346C0C95-DF75-46E4-A2B0-AEA6366E2FB5}.Release|Any CPU.ActiveCfg = Release|Any CPU
		{346C0C95-DF75-46E4-A2B0-AEA6366E2FB5}.Release|Any CPU.Build.0 = Release|Any CPU
		{346C0C95-DF75-46E4-A2B0-AEA6366E2FB5}.Release|x64.ActiveCfg = Release|Any CPU
		{346C0C95-DF75-46E4-A2B0-AEA6366E2FB5}.Release|x64.Build.0 = Release|Any CPU
		{346C0C95-DF75-46E4-A2B0-AEA6366E2FB5}.Release|x86.ActiveCfg = Release|Any CPU
		{346C0C95-DF75-46E4-A2B0-AEA6366E2FB5}.Release|x86.Build.0 = Release|Any CPU
		{9A427B5D-6CF1-4596-8A14-2DD7D1F58D30}.Debug|Any CPU.ActiveCfg = Debug|Any CPU
		{9A427B5D-6CF1-4596-8A14-2DD7D1F58D30}.Debug|Any CPU.Build.0 = Debug|Any CPU
		{9A427B5D-6CF1-4596-8A14-2DD7D1F58D30}.Debug|x64.ActiveCfg = Debug|Any CPU
		{9A427B5D-6CF1-4596-8A14-2DD7D1F58D30}.Debug|x64.Build.0 = Debug|Any CPU
		{9A427B5D-6CF1-4596-8A14-2DD7D1F58D30}.Debug|x86.ActiveCfg = Debug|Any CPU
		{9A427B5D-6CF1-4596-8A14-2DD7D1F58D30}.Debug|x86.Build.0 = Debug|Any CPU
		{9A427B5D-6CF1-4596-8A14-2DD7D1F58D30}.Release|Any CPU.ActiveCfg = Release|Any CPU
		{9A427B5D-6CF1-4596-8A14-2DD7D1F58D30}.Release|Any CPU.Build.0 = Release|Any CPU
		{9A427B5D-6CF1-4596-8A14-2DD7D1F58D30}.Release|x64.ActiveCfg = Release|Any CPU
		{9A427B5D-6CF1-4596-8A14-2DD7D1F58D30}.Release|x64.Build.0 = Release|Any CPU
		{9A427B5D-6CF1-4596-8A14-2DD7D1F58D30}.Release|x86.ActiveCfg = Release|Any CPU
		{9A427B5D-6CF1-4596-8A14-2DD7D1F58D30}.Release|x86.Build.0 = Release|Any CPU
		{E9FDDDE5-0EA5-4E37-ACCD-4D8096D15692}.Debug|Any CPU.ActiveCfg = Debug|Any CPU
		{E9FDDDE5-0EA5-4E37-ACCD-4D8096D15692}.Debug|Any CPU.Build.0 = Debug|Any CPU
		{E9FDDDE5-0EA5-4E37-ACCD-4D8096D15692}.Debug|x64.ActiveCfg = Debug|Any CPU
		{E9FDDDE5-0EA5-4E37-ACCD-4D8096D15692}.Debug|x64.Build.0 = Debug|Any CPU
		{E9FDDDE5-0EA5-4E37-ACCD-4D8096D15692}.Debug|x86.ActiveCfg = Debug|Any CPU
		{E9FDDDE5-0EA5-4E37-ACCD-4D8096D15692}.Debug|x86.Build.0 = Debug|Any CPU
		{E9FDDDE5-0EA5-4E37-ACCD-4D8096D15692}.Release|Any CPU.ActiveCfg = Release|Any CPU
		{E9FDDDE5-0EA5-4E37-ACCD-4D8096D15692}.Release|Any CPU.Build.0 = Release|Any CPU
		{E9FDDDE5-0EA5-4E37-ACCD-4D8096D15692}.Release|x64.ActiveCfg = Release|Any CPU
		{E9FDDDE5-0EA5-4E37-ACCD-4D8096D15692}.Release|x64.Build.0 = Release|Any CPU
		{E9FDDDE5-0EA5-4E37-ACCD-4D8096D15692}.Release|x86.ActiveCfg = Release|Any CPU
		{E9FDDDE5-0EA5-4E37-ACCD-4D8096D15692}.Release|x86.Build.0 = Release|Any CPU
	EndGlobalSection
	GlobalSection(SolutionProperties) = preSolution
		HideSolutionNode = FALSE
	EndGlobalSection
	GlobalSection(NestedProjects) = preSolution
		{9A427B5D-6CF1-4596-8A14-2DD7D1F58D30} = {C60A2C0D-1371-426C-BE11-E5926AF7D89D}
		{E9FDDDE5-0EA5-4E37-ACCD-4D8096D15692} = {D9D3D265-B5FE-49DD-85BC-FBBD2A54FD3F}
	EndGlobalSection
EndGlobal
